// !$*UTF8*$!
{
	archiveVersion = 1;
	classes = {
	};
	objectVersion = 48;
	objects = {

/* Begin PBXBuildFile section */
		400A344A1FBA27E60070E237 /* DocumentData.swift in Sources */ = {isa = PBXBuildFile; fileRef = 400A34491FBA27E60070E237 /* DocumentData.swift */; };
		400D97B61FBA3E2300540207 /* Quartz.framework in Frameworks */ = {isa = PBXBuildFile; fileRef = 400D97B51FBA3E1800540207 /* Quartz.framework */; };
		4026AC8D1FBCE91D00FFB18B /* Sheets.storyboard in Resources */ = {isa = PBXBuildFile; fileRef = 4026AC8C1FBCE91D00FFB18B /* Sheets.storyboard */; };
		4026AC901FBCEC5000FFB18B /* SimpleSheet.swift in Sources */ = {isa = PBXBuildFile; fileRef = 4026AC8F1FBCEC5000FFB18B /* SimpleSheet.swift */; };
		4026AC921FBE1CD000FFB18B /* CollaborationClientError.swift in Sources */ = {isa = PBXBuildFile; fileRef = 4026AC911FBE1CD000FFB18B /* CollaborationClientError.swift */; };
		4026ACC01FBF525C00FFB18B /* ObjectiveGit.framework in Frameworks */ = {isa = PBXBuildFile; fileRef = 4026ACBF1FBF525C00FFB18B /* ObjectiveGit.framework */; };
		4026ACC71FBF55D700FFB18B /* EditorWindowControllerHelpers.swift in Sources */ = {isa = PBXBuildFile; fileRef = 4026ACC61FBF55D700FFB18B /* EditorWindowControllerHelpers.swift */; };
		40322FED1FC2232F00C75CEF /* EditorWindowController+OutlineViewControllerDelegate.swift in Sources */ = {isa = PBXBuildFile; fileRef = 40322FEC1FC2232F00C75CEF /* EditorWindowController+OutlineViewControllerDelegate.swift */; };
		40322FEF1FC2238600C75CEF /* EditorWindowController+FSMonitoring.swift in Sources */ = {isa = PBXBuildFile; fileRef = 40322FEE1FC2238600C75CEF /* EditorWindowController+FSMonitoring.swift */; };
		4048199D1FB8C64600AAFBF0 /* CollaborationProtocol.swift in Sources */ = {isa = PBXBuildFile; fileRef = 4048199C1FB8C64600AAFBF0 /* CollaborationProtocol.swift */; };
		4048199F1FB8DD9400AAFBF0 /* NewProjectViewController.swift in Sources */ = {isa = PBXBuildFile; fileRef = 4048199E1FB8DD9400AAFBF0 /* NewProjectViewController.swift */; };
		404819A11FB8F37300AAFBF0 /* FileSystemItemCell.swift in Sources */ = {isa = PBXBuildFile; fileRef = 404819A01FB8F37300AAFBF0 /* FileSystemItemCell.swift */; };
		407302C21FBF630D00D5AB8F /* EditorWindowControllerGitHelper.swift in Sources */ = {isa = PBXBuildFile; fileRef = 407302C11FBF630D00D5AB8F /* EditorWindowControllerGitHelper.swift */; };
		4074B3501FC1BB4A0038176A /* RegexLib.swift in Sources */ = {isa = PBXBuildFile; fileRef = 4074B34F1FC1BB4A0038176A /* RegexLib.swift */; };
		40A7D0DE1FB78A3F002FBB8B /* AppDelegate.swift in Sources */ = {isa = PBXBuildFile; fileRef = 40A7D0DD1FB78A3F002FBB8B /* AppDelegate.swift */; };
		40A7D0E21FB78A3F002FBB8B /* Document.swift in Sources */ = {isa = PBXBuildFile; fileRef = 40A7D0E11FB78A3F002FBB8B /* Document.swift */; };
		40A7D0E41FB78A3F002FBB8B /* Assets.xcassets in Resources */ = {isa = PBXBuildFile; fileRef = 40A7D0E31FB78A3F002FBB8B /* Assets.xcassets */; };
		40A7D0E71FB78A3F002FBB8B /* Main.storyboard in Resources */ = {isa = PBXBuildFile; fileRef = 40A7D0E51FB78A3F002FBB8B /* Main.storyboard */; };
		40A7D0F31FB78A3F002FBB8B /* TexDocsTests.swift in Sources */ = {isa = PBXBuildFile; fileRef = 40A7D0F21FB78A3F002FBB8B /* TexDocsTests.swift */; };
		40A7D0FE1FB78A3F002FBB8B /* TexDocsUITests.swift in Sources */ = {isa = PBXBuildFile; fileRef = 40A7D0FD1FB78A3F002FBB8B /* TexDocsUITests.swift */; };
		40AA16EE1FB8881100373B07 /* CollaborationClient.swift in Sources */ = {isa = PBXBuildFile; fileRef = 40AA16ED1FB8881100373B07 /* CollaborationClient.swift */; };
		40AA16F01FB88A0000373B07 /* EditorWindowController+CollaborationClientDelegate.swift in Sources */ = {isa = PBXBuildFile; fileRef = 40AA16EF1FB88A0000373B07 /* EditorWindowController+CollaborationClientDelegate.swift */; };
		40AA16F81FB88BE700373B07 /* SimpleHighlighter.swift in Sources */ = {isa = PBXBuildFile; fileRef = 40AA16F71FB88BE700373B07 /* SimpleHighlighter.swift */; };
		40AA16FC1FB88F5600373B07 /* ColorSchemeHandler.swift in Sources */ = {isa = PBXBuildFile; fileRef = 40AA16FB1FB88F5600373B07 /* ColorSchemeHandler.swift */; };
		40AA16FF1FB88FCC00373B07 /* ColorScheme.swift in Sources */ = {isa = PBXBuildFile; fileRef = 40AA16FE1FB88FCC00373B07 /* ColorScheme.swift */; };
		40AB8C441FB87CE700BC6D82 /* EditorWindowController.swift in Sources */ = {isa = PBXBuildFile; fileRef = 40AB8C431FB87CE700BC6D82 /* EditorWindowController.swift */; };
		40AB8C451FB8840F00BC6D82 /* CollaborationSourceCodeView.swift in Sources */ = {isa = PBXBuildFile; fileRef = 40A7D14D1FB7B681002FBB8B /* CollaborationSourceCodeView.swift */; };
		40AB8C471FB8841A00BC6D82 /* ImprovedTextView.swift in Sources */ = {isa = PBXBuildFile; fileRef = 40A7D1451FB79984002FBB8B /* ImprovedTextView.swift */; };
		40AB8C481FB8841C00BC6D82 /* SourceCodeView.swift in Sources */ = {isa = PBXBuildFile; fileRef = 40A7D11D1FB79296002FBB8B /* SourceCodeView.swift */; };
		40AB8C491FB8841E00BC6D82 /* SourceCodeRulerView.swift in Sources */ = {isa = PBXBuildFile; fileRef = 40A7D11F1FB7936B002FBB8B /* SourceCodeRulerView.swift */; };
		40AB8C4B1FB884C900BC6D82 /* CollaborationCursor.swift in Sources */ = {isa = PBXBuildFile; fileRef = 40AB8C4A1FB884C900BC6D82 /* CollaborationCursor.swift */; };
		40AB8C4D1FB8866200BC6D82 /* EditorViewController.swift in Sources */ = {isa = PBXBuildFile; fileRef = 40AB8C4C1FB8866200BC6D82 /* EditorViewController.swift */; };
		40AB8C4F1FB886D800BC6D82 /* EditorWindowController+CollaborationSourceCodeViewDelegate.swift in Sources */ = {isa = PBXBuildFile; fileRef = 40AB8C4E1FB886D800BC6D82 /* EditorWindowController+CollaborationSourceCodeViewDelegate.swift */; };
		40BD25DC1FBCB7B900211743 /* WebSocket.swift in Sources */ = {isa = PBXBuildFile; fileRef = 40BD25DB1FBCB7B900211743 /* WebSocket.swift */; };
		40BD25DE1FBCB90C00211743 /* libz.tbd in Frameworks */ = {isa = PBXBuildFile; fileRef = 40BD25DD1FBCB90C00211743 /* libz.tbd */; };
		40BD25E11FBCDC3400211743 /* NewProjectOpenMethod.swift in Sources */ = {isa = PBXBuildFile; fileRef = 40BD25E01FBCDC3400211743 /* NewProjectOpenMethod.swift */; };
		40BD25E31FBCE2B100211743 /* EditorWindowController+UI.swift in Sources */ = {isa = PBXBuildFile; fileRef = 40BD25E21FBCE2B100211743 /* EditorWindowController+UI.swift */; };
		40BD4C3B1FC1C7430048ABF6 /* EonilFileSystemEvents.framework in Frameworks */ = {isa = PBXBuildFile; fileRef = 40BD4C341FC1C7220048ABF6 /* EonilFileSystemEvents.framework */; };
		40BD4C3D1FC1C9CF0048ABF6 /* FileTypeHandler.swift in Sources */ = {isa = PBXBuildFile; fileRef = 40BD4C3C1FC1C9CF0048ABF6 /* FileTypeHandler.swift */; };
		40C88C211FB8B659006F6BB9 /* OutlineViewController.swift in Sources */ = {isa = PBXBuildFile; fileRef = 40C88C201FB8B659006F6BB9 /* OutlineViewController.swift */; };
		40EF5D521FBF9612003E0E40 /* Localizable.strings in Resources */ = {isa = PBXBuildFile; fileRef = 40EF5D511FBF9612003E0E40 /* Localizable.strings */; };
		40EF5D541FC05EC0003E0E40 /* EditorWindowController+Sheets.swift in Sources */ = {isa = PBXBuildFile; fileRef = 40EF5D531FC05EC0003E0E40 /* EditorWindowController+Sheets.swift */; };
/* End PBXBuildFile section */

/* Begin PBXContainerItemProxy section */
		40A7D0EF1FB78A3F002FBB8B /* PBXContainerItemProxy */ = {
			isa = PBXContainerItemProxy;
			containerPortal = 40A7D0D21FB78A3F002FBB8B /* Project object */;
			proxyType = 1;
			remoteGlobalIDString = 40A7D0D91FB78A3F002FBB8B;
			remoteInfo = TexDocs;
		};
		40A7D0FA1FB78A3F002FBB8B /* PBXContainerItemProxy */ = {
			isa = PBXContainerItemProxy;
			containerPortal = 40A7D0D21FB78A3F002FBB8B /* Project object */;
			proxyType = 1;
			remoteGlobalIDString = 40A7D0D91FB78A3F002FBB8B;
			remoteInfo = TexDocs;
		};
		40BD4C331FC1C7220048ABF6 /* PBXContainerItemProxy */ = {
			isa = PBXContainerItemProxy;
			containerPortal = 40BD4C2C1FC1C7220048ABF6 /* EonilFileSystemEvents.xcodeproj */;
			proxyType = 2;
			remoteGlobalIDString = 45D970A61A1569090037649F;
			remoteInfo = EonilFileSystemEvents;
		};
		40BD4C351FC1C7220048ABF6 /* PBXContainerItemProxy */ = {
			isa = PBXContainerItemProxy;
			containerPortal = 40BD4C2C1FC1C7220048ABF6 /* EonilFileSystemEvents.xcodeproj */;
			proxyType = 2;
			remoteGlobalIDString = 45D970961A155DD50037649F;
			remoteInfo = InternalTester;
		};
		40BD4C371FC1C7220048ABF6 /* PBXContainerItemProxy */ = {
			isa = PBXContainerItemProxy;
			containerPortal = 40BD4C2C1FC1C7220048ABF6 /* EonilFileSystemEvents.xcodeproj */;
			proxyType = 2;
			remoteGlobalIDString = 45DA95801A69F1610091410B;
			remoteInfo = InternalTester4;
		};
		40BD4C391FC1C7220048ABF6 /* PBXContainerItemProxy */ = {
			isa = PBXContainerItemProxy;
			containerPortal = 40BD4C2C1FC1C7220048ABF6 /* EonilFileSystemEvents.xcodeproj */;
			proxyType = 2;
			remoteGlobalIDString = 45BF99C51A131E3A004E4E2E;
			remoteInfo = TestdriveApp;
		};
/* End PBXContainerItemProxy section */

/* Begin PBXCopyFilesBuildPhase section */
		40A7D11C1FB79261002FBB8B /* Embed Frameworks */ = {
			isa = PBXCopyFilesBuildPhase;
			buildActionMask = 2147483647;
			dstPath = "";
			dstSubfolderSpec = 10;
			files = (
			);
			name = "Embed Frameworks";
			runOnlyForDeploymentPostprocessing = 0;
		};
/* End PBXCopyFilesBuildPhase section */

/* Begin PBXFileReference section */
		400A34491FBA27E60070E237 /* DocumentData.swift */ = {isa = PBXFileReference; lastKnownFileType = sourcecode.swift; path = DocumentData.swift; sourceTree = "<group>"; };
		400D97B51FBA3E1800540207 /* Quartz.framework */ = {isa = PBXFileReference; lastKnownFileType = wrapper.framework; name = Quartz.framework; path = System/Library/Frameworks/Quartz.framework; sourceTree = SDKROOT; };
		4026AC8C1FBCE91D00FFB18B /* Sheets.storyboard */ = {isa = PBXFileReference; lastKnownFileType = file.storyboard; path = Sheets.storyboard; sourceTree = "<group>"; };
		4026AC8F1FBCEC5000FFB18B /* SimpleSheet.swift */ = {isa = PBXFileReference; lastKnownFileType = sourcecode.swift; path = SimpleSheet.swift; sourceTree = "<group>"; };
		4026AC911FBE1CD000FFB18B /* CollaborationClientError.swift */ = {isa = PBXFileReference; lastKnownFileType = sourcecode.swift; path = CollaborationClientError.swift; sourceTree = "<group>"; };
		4026ACBF1FBF525C00FFB18B /* ObjectiveGit.framework */ = {isa = PBXFileReference; lastKnownFileType = wrapper.framework; name = ObjectiveGit.framework; path = Carthage/Build/Mac/ObjectiveGit.framework; sourceTree = "<group>"; };
		4026ACC51FBF549600FFB18B /* Bridging-Header.h */ = {isa = PBXFileReference; lastKnownFileType = sourcecode.c.h; path = "Bridging-Header.h"; sourceTree = "<group>"; };
		4026ACC61FBF55D700FFB18B /* EditorWindowControllerHelpers.swift */ = {isa = PBXFileReference; lastKnownFileType = sourcecode.swift; path = EditorWindowControllerHelpers.swift; sourceTree = "<group>"; };
		40322FEC1FC2232F00C75CEF /* EditorWindowController+OutlineViewControllerDelegate.swift */ = {isa = PBXFileReference; lastKnownFileType = sourcecode.swift; path = "EditorWindowController+OutlineViewControllerDelegate.swift"; sourceTree = "<group>"; };
		40322FEE1FC2238600C75CEF /* EditorWindowController+FSMonitoring.swift */ = {isa = PBXFileReference; lastKnownFileType = sourcecode.swift; path = "EditorWindowController+FSMonitoring.swift"; sourceTree = "<group>"; };
		4048199C1FB8C64600AAFBF0 /* CollaborationProtocol.swift */ = {isa = PBXFileReference; lastKnownFileType = sourcecode.swift; path = CollaborationProtocol.swift; sourceTree = "<group>"; };
		4048199E1FB8DD9400AAFBF0 /* NewProjectViewController.swift */ = {isa = PBXFileReference; lastKnownFileType = sourcecode.swift; path = NewProjectViewController.swift; sourceTree = "<group>"; };
		404819A01FB8F37300AAFBF0 /* FileSystemItemCell.swift */ = {isa = PBXFileReference; lastKnownFileType = sourcecode.swift; path = FileSystemItemCell.swift; sourceTree = "<group>"; };
		407302C11FBF630D00D5AB8F /* EditorWindowControllerGitHelper.swift */ = {isa = PBXFileReference; lastKnownFileType = sourcecode.swift; path = EditorWindowControllerGitHelper.swift; sourceTree = "<group>"; };
		4074B34F1FC1BB4A0038176A /* RegexLib.swift */ = {isa = PBXFileReference; lastKnownFileType = sourcecode.swift; path = RegexLib.swift; sourceTree = "<group>"; };
		40A7D0DA1FB78A3F002FBB8B /* TexDocs.app */ = {isa = PBXFileReference; explicitFileType = wrapper.application; includeInIndex = 0; path = TexDocs.app; sourceTree = BUILT_PRODUCTS_DIR; };
		40A7D0DD1FB78A3F002FBB8B /* AppDelegate.swift */ = {isa = PBXFileReference; lastKnownFileType = sourcecode.swift; path = AppDelegate.swift; sourceTree = "<group>"; };
		40A7D0E11FB78A3F002FBB8B /* Document.swift */ = {isa = PBXFileReference; lastKnownFileType = sourcecode.swift; path = Document.swift; sourceTree = "<group>"; };
		40A7D0E31FB78A3F002FBB8B /* Assets.xcassets */ = {isa = PBXFileReference; lastKnownFileType = folder.assetcatalog; path = Assets.xcassets; sourceTree = "<group>"; };
		40A7D0E61FB78A3F002FBB8B /* Base */ = {isa = PBXFileReference; lastKnownFileType = file.storyboard; name = Base; path = Base.lproj/Main.storyboard; sourceTree = "<group>"; };
		40A7D0E81FB78A3F002FBB8B /* Info.plist */ = {isa = PBXFileReference; lastKnownFileType = text.plist.xml; path = Info.plist; sourceTree = "<group>"; };
		40A7D0E91FB78A3F002FBB8B /* TexDocs.entitlements */ = {isa = PBXFileReference; lastKnownFileType = text.plist.entitlements; path = TexDocs.entitlements; sourceTree = "<group>"; };
		40A7D0EE1FB78A3F002FBB8B /* TexDocsTests.xctest */ = {isa = PBXFileReference; explicitFileType = wrapper.cfbundle; includeInIndex = 0; path = TexDocsTests.xctest; sourceTree = BUILT_PRODUCTS_DIR; };
		40A7D0F21FB78A3F002FBB8B /* TexDocsTests.swift */ = {isa = PBXFileReference; lastKnownFileType = sourcecode.swift; path = TexDocsTests.swift; sourceTree = "<group>"; };
		40A7D0F41FB78A3F002FBB8B /* Info.plist */ = {isa = PBXFileReference; lastKnownFileType = text.plist.xml; path = Info.plist; sourceTree = "<group>"; };
		40A7D0F91FB78A3F002FBB8B /* TexDocsUITests.xctest */ = {isa = PBXFileReference; explicitFileType = wrapper.cfbundle; includeInIndex = 0; path = TexDocsUITests.xctest; sourceTree = BUILT_PRODUCTS_DIR; };
		40A7D0FD1FB78A3F002FBB8B /* TexDocsUITests.swift */ = {isa = PBXFileReference; lastKnownFileType = sourcecode.swift; path = TexDocsUITests.swift; sourceTree = "<group>"; };
		40A7D0FF1FB78A3F002FBB8B /* Info.plist */ = {isa = PBXFileReference; lastKnownFileType = text.plist.xml; path = Info.plist; sourceTree = "<group>"; };
		40A7D11D1FB79296002FBB8B /* SourceCodeView.swift */ = {isa = PBXFileReference; lastKnownFileType = sourcecode.swift; path = SourceCodeView.swift; sourceTree = "<group>"; };
		40A7D11F1FB7936B002FBB8B /* SourceCodeRulerView.swift */ = {isa = PBXFileReference; lastKnownFileType = sourcecode.swift; path = SourceCodeRulerView.swift; sourceTree = "<group>"; };
		40A7D1451FB79984002FBB8B /* ImprovedTextView.swift */ = {isa = PBXFileReference; lastKnownFileType = sourcecode.swift; path = ImprovedTextView.swift; sourceTree = "<group>"; };
		40A7D14D1FB7B681002FBB8B /* CollaborationSourceCodeView.swift */ = {isa = PBXFileReference; lastKnownFileType = sourcecode.swift; path = CollaborationSourceCodeView.swift; sourceTree = "<group>"; };
		40AA16ED1FB8881100373B07 /* CollaborationClient.swift */ = {isa = PBXFileReference; lastKnownFileType = sourcecode.swift; path = CollaborationClient.swift; sourceTree = "<group>"; };
		40AA16EF1FB88A0000373B07 /* EditorWindowController+CollaborationClientDelegate.swift */ = {isa = PBXFileReference; lastKnownFileType = sourcecode.swift; path = "EditorWindowController+CollaborationClientDelegate.swift"; sourceTree = "<group>"; };
		40AA16F71FB88BE700373B07 /* SimpleHighlighter.swift */ = {isa = PBXFileReference; lastKnownFileType = sourcecode.swift; path = SimpleHighlighter.swift; sourceTree = "<group>"; };
		40AA16FB1FB88F5600373B07 /* ColorSchemeHandler.swift */ = {isa = PBXFileReference; lastKnownFileType = sourcecode.swift; path = ColorSchemeHandler.swift; sourceTree = "<group>"; };
		40AA16FE1FB88FCC00373B07 /* ColorScheme.swift */ = {isa = PBXFileReference; lastKnownFileType = sourcecode.swift; path = ColorScheme.swift; sourceTree = "<group>"; };
		40AB8C431FB87CE700BC6D82 /* EditorWindowController.swift */ = {isa = PBXFileReference; lastKnownFileType = sourcecode.swift; path = EditorWindowController.swift; sourceTree = "<group>"; };
		40AB8C4A1FB884C900BC6D82 /* CollaborationCursor.swift */ = {isa = PBXFileReference; lastKnownFileType = sourcecode.swift; path = CollaborationCursor.swift; sourceTree = "<group>"; };
		40AB8C4C1FB8866200BC6D82 /* EditorViewController.swift */ = {isa = PBXFileReference; lastKnownFileType = sourcecode.swift; path = EditorViewController.swift; sourceTree = "<group>"; };
		40AB8C4E1FB886D800BC6D82 /* EditorWindowController+CollaborationSourceCodeViewDelegate.swift */ = {isa = PBXFileReference; lastKnownFileType = sourcecode.swift; path = "EditorWindowController+CollaborationSourceCodeViewDelegate.swift"; sourceTree = "<group>"; };
		40BD25DB1FBCB7B900211743 /* WebSocket.swift */ = {isa = PBXFileReference; lastKnownFileType = sourcecode.swift; path = WebSocket.swift; sourceTree = "<group>"; };
		40BD25DD1FBCB90C00211743 /* libz.tbd */ = {isa = PBXFileReference; lastKnownFileType = "sourcecode.text-based-dylib-definition"; name = libz.tbd; path = usr/lib/libz.tbd; sourceTree = SDKROOT; };
		40BD25E01FBCDC3400211743 /* NewProjectOpenMethod.swift */ = {isa = PBXFileReference; lastKnownFileType = sourcecode.swift; path = NewProjectOpenMethod.swift; sourceTree = "<group>"; };
		40BD25E21FBCE2B100211743 /* EditorWindowController+UI.swift */ = {isa = PBXFileReference; lastKnownFileType = sourcecode.swift; path = "EditorWindowController+UI.swift"; sourceTree = "<group>"; };
		40BD4C2C1FC1C7220048ABF6 /* EonilFileSystemEvents.xcodeproj */ = {isa = PBXFileReference; lastKnownFileType = "wrapper.pb-project"; name = EonilFileSystemEvents.xcodeproj; path = "External Libraries/FileSystemEvents/EonilFileSystemEvents.xcodeproj"; sourceTree = "<group>"; };
		40BD4C3C1FC1C9CF0048ABF6 /* FileTypeHandler.swift */ = {isa = PBXFileReference; lastKnownFileType = sourcecode.swift; path = FileTypeHandler.swift; sourceTree = "<group>"; };
		40C88C201FB8B659006F6BB9 /* OutlineViewController.swift */ = {isa = PBXFileReference; lastKnownFileType = sourcecode.swift; path = OutlineViewController.swift; sourceTree = "<group>"; };
		40EF5D511FBF9612003E0E40 /* Localizable.strings */ = {isa = PBXFileReference; fileEncoding = 10; lastKnownFileType = text.plist.strings; path = Localizable.strings; sourceTree = "<group>"; };
		40EF5D531FC05EC0003E0E40 /* EditorWindowController+Sheets.swift */ = {isa = PBXFileReference; lastKnownFileType = sourcecode.swift; path = "EditorWindowController+Sheets.swift"; sourceTree = "<group>"; };
/* End PBXFileReference section */

/* Begin PBXFrameworksBuildPhase section */
		40A7D0D71FB78A3F002FBB8B /* Frameworks */ = {
			isa = PBXFrameworksBuildPhase;
			buildActionMask = 2147483647;
			files = (
				40BD4C3B1FC1C7430048ABF6 /* EonilFileSystemEvents.framework in Frameworks */,
				4026ACC01FBF525C00FFB18B /* ObjectiveGit.framework in Frameworks */,
				400D97B61FBA3E2300540207 /* Quartz.framework in Frameworks */,
				40BD25DE1FBCB90C00211743 /* libz.tbd in Frameworks */,
			);
			runOnlyForDeploymentPostprocessing = 0;
		};
		40A7D0EB1FB78A3F002FBB8B /* Frameworks */ = {
			isa = PBXFrameworksBuildPhase;
			buildActionMask = 2147483647;
			files = (
			);
			runOnlyForDeploymentPostprocessing = 0;
		};
		40A7D0F61FB78A3F002FBB8B /* Frameworks */ = {
			isa = PBXFrameworksBuildPhase;
			buildActionMask = 2147483647;
			files = (
			);
			runOnlyForDeploymentPostprocessing = 0;
		};
/* End PBXFrameworksBuildPhase section */

/* Begin PBXGroup section */
		400A34431FBA27840070E237 /* Document */ = {
			isa = PBXGroup;
			children = (
				40A7D0E11FB78A3F002FBB8B /* Document.swift */,
				400A34491FBA27E60070E237 /* DocumentData.swift */,
				40BD25E01FBCDC3400211743 /* NewProjectOpenMethod.swift */,
			);
			path = Document;
			sourceTree = "<group>";
		};
		400D97AF1FBA3E1800540207 /* Frameworks */ = {
			isa = PBXGroup;
			children = (
				4026ACBF1FBF525C00FFB18B /* ObjectiveGit.framework */,
				40BD25DD1FBCB90C00211743 /* libz.tbd */,
				400D97B51FBA3E1800540207 /* Quartz.framework */,
			);
			name = Frameworks;
			sourceTree = "<group>";
		};
		4026AC871FBCE30400FFB18B /* EditorWindowController */ = {
			isa = PBXGroup;
			children = (
				40AB8C431FB87CE700BC6D82 /* EditorWindowController.swift */,
				4026ACC61FBF55D700FFB18B /* EditorWindowControllerHelpers.swift */,
				40EF5D531FC05EC0003E0E40 /* EditorWindowController+Sheets.swift */,
				40BD25E21FBCE2B100211743 /* EditorWindowController+UI.swift */,
				40AB8C4E1FB886D800BC6D82 /* EditorWindowController+CollaborationSourceCodeViewDelegate.swift */,
				40AA16EF1FB88A0000373B07 /* EditorWindowController+CollaborationClientDelegate.swift */,
				40322FEC1FC2232F00C75CEF /* EditorWindowController+OutlineViewControllerDelegate.swift */,
				407302C11FBF630D00D5AB8F /* EditorWindowControllerGitHelper.swift */,
				40322FEE1FC2238600C75CEF /* EditorWindowController+FSMonitoring.swift */,
			);
			path = EditorWindowController;
			sourceTree = "<group>";
		};
		4026AC8E1FBCEC4200FFB18B /* Sheets */ = {
			isa = PBXGroup;
			children = (
				4026AC8F1FBCEC5000FFB18B /* SimpleSheet.swift */,
			);
			path = Sheets;
			sourceTree = "<group>";
		};
		40A7D0D11FB78A3F002FBB8B = {
			isa = PBXGroup;
			children = (
				40BD4C2C1FC1C7220048ABF6 /* EonilFileSystemEvents.xcodeproj */,
				40BD25D81FBCB5BC00211743 /* External Libraries */,
				40A7D0DC1FB78A3F002FBB8B /* TexDocs */,
				40A7D0F11FB78A3F002FBB8B /* TexDocsTests */,
				40A7D0FC1FB78A3F002FBB8B /* TexDocsUITests */,
				40A7D0DB1FB78A3F002FBB8B /* Products */,
				400D97AF1FBA3E1800540207 /* Frameworks */,
			);
			sourceTree = "<group>";
		};
		40A7D0DB1FB78A3F002FBB8B /* Products */ = {
			isa = PBXGroup;
			children = (
				40A7D0DA1FB78A3F002FBB8B /* TexDocs.app */,
				40A7D0EE1FB78A3F002FBB8B /* TexDocsTests.xctest */,
				40A7D0F91FB78A3F002FBB8B /* TexDocsUITests.xctest */,
			);
			name = Products;
			sourceTree = "<group>";
		};
		40A7D0DC1FB78A3F002FBB8B /* TexDocs */ = {
			isa = PBXGroup;
			children = (
				40AA16F31FB88A7A00373B07 /* Supporting Files */,
				40AA16F21FB88A4200373B07 /* View */,
				40AB8C421FB87CCA00BC6D82 /* Controller */,
				40AA16F11FB88A3800373B07 /* Model */,
				40A7D0E51FB78A3F002FBB8B /* Main.storyboard */,
				4026AC8C1FBCE91D00FFB18B /* Sheets.storyboard */,
			);
			path = TexDocs;
			sourceTree = "<group>";
		};
		40A7D0F11FB78A3F002FBB8B /* TexDocsTests */ = {
			isa = PBXGroup;
			children = (
				40A7D0F21FB78A3F002FBB8B /* TexDocsTests.swift */,
				40A7D0F41FB78A3F002FBB8B /* Info.plist */,
			);
			path = TexDocsTests;
			sourceTree = "<group>";
		};
		40A7D0FC1FB78A3F002FBB8B /* TexDocsUITests */ = {
			isa = PBXGroup;
			children = (
				40A7D0FD1FB78A3F002FBB8B /* TexDocsUITests.swift */,
				40A7D0FF1FB78A3F002FBB8B /* Info.plist */,
			);
			path = TexDocsUITests;
			sourceTree = "<group>";
		};
		40A7D1111FB79261002FBB8B /* SourceCodeView */ = {
			isa = PBXGroup;
			children = (
				40A7D14C1FB7B5F1002FBB8B /* Collaboration */,
				40A7D14B1FB7B5BF002FBB8B /* SourceCodeView */,
			);
			path = SourceCodeView;
			sourceTree = "<group>";
		};
		40A7D14B1FB7B5BF002FBB8B /* SourceCodeView */ = {
			isa = PBXGroup;
			children = (
				40A7D1451FB79984002FBB8B /* ImprovedTextView.swift */,
				40A7D11D1FB79296002FBB8B /* SourceCodeView.swift */,
				40A7D11F1FB7936B002FBB8B /* SourceCodeRulerView.swift */,
			);
			path = SourceCodeView;
			sourceTree = "<group>";
		};
		40A7D14C1FB7B5F1002FBB8B /* Collaboration */ = {
			isa = PBXGroup;
			children = (
				40A7D14D1FB7B681002FBB8B /* CollaborationSourceCodeView.swift */,
				40AB8C4A1FB884C900BC6D82 /* CollaborationCursor.swift */,
			);
			path = Collaboration;
			sourceTree = "<group>";
		};
		40AA16F11FB88A3800373B07 /* Model */ = {
			isa = PBXGroup;
			children = (
				40AA16F41FB88B9E00373B07 /* Collaboration */,
				40AA16F51FB88BA800373B07 /* TeX */,
				400A34431FBA27840070E237 /* Document */,
				40AA16FD1FB88FBD00373B07 /* ColorSchemes */,
				4074B34F1FC1BB4A0038176A /* RegexLib.swift */,
				40BD4C3C1FC1C9CF0048ABF6 /* FileTypeHandler.swift */,
			);
			path = Model;
			sourceTree = "<group>";
		};
		40AA16F21FB88A4200373B07 /* View */ = {
			isa = PBXGroup;
			children = (
				40A7D1111FB79261002FBB8B /* SourceCodeView */,
				404819A01FB8F37300AAFBF0 /* FileSystemItemCell.swift */,
			);
			path = View;
			sourceTree = "<group>";
		};
		40AA16F31FB88A7A00373B07 /* Supporting Files */ = {
			isa = PBXGroup;
			children = (
				40A7D0DD1FB78A3F002FBB8B /* AppDelegate.swift */,
				40A7D0E31FB78A3F002FBB8B /* Assets.xcassets */,
				40A7D0E81FB78A3F002FBB8B /* Info.plist */,
				40A7D0E91FB78A3F002FBB8B /* TexDocs.entitlements */,
				4026ACC51FBF549600FFB18B /* Bridging-Header.h */,
				40EF5D511FBF9612003E0E40 /* Localizable.strings */,
			);
			path = "Supporting Files";
			sourceTree = "<group>";
		};
		40AA16F41FB88B9E00373B07 /* Collaboration */ = {
			isa = PBXGroup;
			children = (
				40AA16ED1FB8881100373B07 /* CollaborationClient.swift */,
				4026AC911FBE1CD000FFB18B /* CollaborationClientError.swift */,
				4048199C1FB8C64600AAFBF0 /* CollaborationProtocol.swift */,
			);
			path = Collaboration;
			sourceTree = "<group>";
		};
		40AA16F51FB88BA800373B07 /* TeX */ = {
			isa = PBXGroup;
			children = (
				40AA16F61FB88BD700373B07 /* Highlighting */,
			);
			path = TeX;
			sourceTree = "<group>";
		};
		40AA16F61FB88BD700373B07 /* Highlighting */ = {
			isa = PBXGroup;
			children = (
				40AA16F71FB88BE700373B07 /* SimpleHighlighter.swift */,
			);
			path = Highlighting;
			sourceTree = "<group>";
		};
		40AA16FD1FB88FBD00373B07 /* ColorSchemes */ = {
			isa = PBXGroup;
			children = (
				40AA16FB1FB88F5600373B07 /* ColorSchemeHandler.swift */,
				40AA16FE1FB88FCC00373B07 /* ColorScheme.swift */,
			);
			path = ColorSchemes;
			sourceTree = "<group>";
		};
		40AB8C421FB87CCA00BC6D82 /* Controller */ = {
			isa = PBXGroup;
			children = (
				4026AC871FBCE30400FFB18B /* EditorWindowController */,
				40AB8C4C1FB8866200BC6D82 /* EditorViewController.swift */,
				40C88C201FB8B659006F6BB9 /* OutlineViewController.swift */,
				4048199E1FB8DD9400AAFBF0 /* NewProjectViewController.swift */,
				4026AC8E1FBCEC4200FFB18B /* Sheets */,
			);
			path = Controller;
			sourceTree = "<group>";
		};
		40BD25D81FBCB5BC00211743 /* External Libraries */ = {
			isa = PBXGroup;
			children = (
				40BD25DB1FBCB7B900211743 /* WebSocket.swift */,
			);
			path = "External Libraries";
			sourceTree = "<group>";
		};
		40BD4C2D1FC1C7220048ABF6 /* Products */ = {
			isa = PBXGroup;
			children = (
				40BD4C341FC1C7220048ABF6 /* EonilFileSystemEvents.framework */,
				40BD4C361FC1C7220048ABF6 /* InternalTester */,
				40BD4C381FC1C7220048ABF6 /* InternalTester4.app */,
				40BD4C3A1FC1C7220048ABF6 /* TestdriveApp.app */,
			);
			name = Products;
			sourceTree = "<group>";
		};
/* End PBXGroup section */

/* Begin PBXNativeTarget section */
		40A7D0D91FB78A3F002FBB8B /* TexDocs */ = {
			isa = PBXNativeTarget;
			buildConfigurationList = 40A7D1021FB78A3F002FBB8B /* Build configuration list for PBXNativeTarget "TexDocs" */;
			buildPhases = (
				40A7D0D61FB78A3F002FBB8B /* Sources */,
				40A7D0D71FB78A3F002FBB8B /* Frameworks */,
				40A7D0D81FB78A3F002FBB8B /* Resources */,
				40A7D11C1FB79261002FBB8B /* Embed Frameworks */,
				4026ACC31FBF530700FFB18B /* ShellScript */,
			);
			buildRules = (
			);
			dependencies = (
			);
			name = TexDocs;
			productName = TexDocs;
			productReference = 40A7D0DA1FB78A3F002FBB8B /* TexDocs.app */;
			productType = "com.apple.product-type.application";
		};
		40A7D0ED1FB78A3F002FBB8B /* TexDocsTests */ = {
			isa = PBXNativeTarget;
			buildConfigurationList = 40A7D1051FB78A3F002FBB8B /* Build configuration list for PBXNativeTarget "TexDocsTests" */;
			buildPhases = (
				40A7D0EA1FB78A3F002FBB8B /* Sources */,
				40A7D0EB1FB78A3F002FBB8B /* Frameworks */,
				40A7D0EC1FB78A3F002FBB8B /* Resources */,
			);
			buildRules = (
			);
			dependencies = (
				40A7D0F01FB78A3F002FBB8B /* PBXTargetDependency */,
			);
			name = TexDocsTests;
			productName = TexDocsTests;
			productReference = 40A7D0EE1FB78A3F002FBB8B /* TexDocsTests.xctest */;
			productType = "com.apple.product-type.bundle.unit-test";
		};
		40A7D0F81FB78A3F002FBB8B /* TexDocsUITests */ = {
			isa = PBXNativeTarget;
			buildConfigurationList = 40A7D1081FB78A3F002FBB8B /* Build configuration list for PBXNativeTarget "TexDocsUITests" */;
			buildPhases = (
				40A7D0F51FB78A3F002FBB8B /* Sources */,
				40A7D0F61FB78A3F002FBB8B /* Frameworks */,
				40A7D0F71FB78A3F002FBB8B /* Resources */,
			);
			buildRules = (
			);
			dependencies = (
				40A7D0FB1FB78A3F002FBB8B /* PBXTargetDependency */,
			);
			name = TexDocsUITests;
			productName = TexDocsUITests;
			productReference = 40A7D0F91FB78A3F002FBB8B /* TexDocsUITests.xctest */;
			productType = "com.apple.product-type.bundle.ui-testing";
		};
/* End PBXNativeTarget section */

/* Begin PBXProject section */
		40A7D0D21FB78A3F002FBB8B /* Project object */ = {
			isa = PBXProject;
			attributes = {
				LastSwiftUpdateCheck = 0910;
				LastUpgradeCheck = 0910;
				ORGANIZATIONNAME = TexDocs;
				TargetAttributes = {
					40A7D0D91FB78A3F002FBB8B = {
						CreatedOnToolsVersion = 9.1;
						ProvisioningStyle = Automatic;
						SystemCapabilities = {
							com.apple.Sandbox = {
								enabled = 0;
							};
						};
					};
					40A7D0ED1FB78A3F002FBB8B = {
						CreatedOnToolsVersion = 9.1;
						ProvisioningStyle = Automatic;
						TestTargetID = 40A7D0D91FB78A3F002FBB8B;
					};
					40A7D0F81FB78A3F002FBB8B = {
						CreatedOnToolsVersion = 9.1;
						ProvisioningStyle = Automatic;
						TestTargetID = 40A7D0D91FB78A3F002FBB8B;
					};
				};
			};
			buildConfigurationList = 40A7D0D51FB78A3F002FBB8B /* Build configuration list for PBXProject "TexDocs" */;
			compatibilityVersion = "Xcode 8.0";
			developmentRegion = en;
			hasScannedForEncodings = 0;
			knownRegions = (
				en,
				Base,
			);
			mainGroup = 40A7D0D11FB78A3F002FBB8B;
			productRefGroup = 40A7D0DB1FB78A3F002FBB8B /* Products */;
			projectDirPath = "";
			projectReferences = (
				{
					ProductGroup = 40BD4C2D1FC1C7220048ABF6 /* Products */;
					ProjectRef = 40BD4C2C1FC1C7220048ABF6 /* EonilFileSystemEvents.xcodeproj */;
				},
			);
			projectRoot = "";
			targets = (
				40A7D0D91FB78A3F002FBB8B /* TexDocs */,
				40A7D0ED1FB78A3F002FBB8B /* TexDocsTests */,
				40A7D0F81FB78A3F002FBB8B /* TexDocsUITests */,
			);
		};
/* End PBXProject section */

/* Begin PBXReferenceProxy section */
		40BD4C341FC1C7220048ABF6 /* EonilFileSystemEvents.framework */ = {
			isa = PBXReferenceProxy;
			fileType = wrapper.framework;
			path = EonilFileSystemEvents.framework;
			remoteRef = 40BD4C331FC1C7220048ABF6 /* PBXContainerItemProxy */;
			sourceTree = BUILT_PRODUCTS_DIR;
		};
		40BD4C361FC1C7220048ABF6 /* InternalTester */ = {
			isa = PBXReferenceProxy;
			fileType = "compiled.mach-o.executable";
			path = InternalTester;
			remoteRef = 40BD4C351FC1C7220048ABF6 /* PBXContainerItemProxy */;
			sourceTree = BUILT_PRODUCTS_DIR;
		};
		40BD4C381FC1C7220048ABF6 /* InternalTester4.app */ = {
			isa = PBXReferenceProxy;
			fileType = wrapper.application;
			path = InternalTester4.app;
			remoteRef = 40BD4C371FC1C7220048ABF6 /* PBXContainerItemProxy */;
			sourceTree = BUILT_PRODUCTS_DIR;
		};
		40BD4C3A1FC1C7220048ABF6 /* TestdriveApp.app */ = {
			isa = PBXReferenceProxy;
			fileType = wrapper.application;
			path = TestdriveApp.app;
			remoteRef = 40BD4C391FC1C7220048ABF6 /* PBXContainerItemProxy */;
			sourceTree = BUILT_PRODUCTS_DIR;
		};
/* End PBXReferenceProxy section */

/* Begin PBXResourcesBuildPhase section */
		40A7D0D81FB78A3F002FBB8B /* Resources */ = {
			isa = PBXResourcesBuildPhase;
			buildActionMask = 2147483647;
			files = (
				4026AC8D1FBCE91D00FFB18B /* Sheets.storyboard in Resources */,
				40EF5D521FBF9612003E0E40 /* Localizable.strings in Resources */,
				40A7D0E41FB78A3F002FBB8B /* Assets.xcassets in Resources */,
				40A7D0E71FB78A3F002FBB8B /* Main.storyboard in Resources */,
			);
			runOnlyForDeploymentPostprocessing = 0;
		};
		40A7D0EC1FB78A3F002FBB8B /* Resources */ = {
			isa = PBXResourcesBuildPhase;
			buildActionMask = 2147483647;
			files = (
			);
			runOnlyForDeploymentPostprocessing = 0;
		};
		40A7D0F71FB78A3F002FBB8B /* Resources */ = {
			isa = PBXResourcesBuildPhase;
			buildActionMask = 2147483647;
			files = (
			);
			runOnlyForDeploymentPostprocessing = 0;
		};
/* End PBXResourcesBuildPhase section */

/* Begin PBXShellScriptBuildPhase section */
		4026ACC31FBF530700FFB18B /* ShellScript */ = {
			isa = PBXShellScriptBuildPhase;
			buildActionMask = 2147483647;
			files = (
			);
			inputPaths = (
				"$(SRCROOT)/Carthage/Build/Mac/ObjectiveGit.framework",
			);
			outputPaths = (
			);
			runOnlyForDeploymentPostprocessing = 0;
			shellPath = /bin/sh;
			shellScript = "/usr/local/bin/carthage copy-frameworks";
		};
/* End PBXShellScriptBuildPhase section */

/* Begin PBXSourcesBuildPhase section */
		40A7D0D61FB78A3F002FBB8B /* Sources */ = {
			isa = PBXSourcesBuildPhase;
			buildActionMask = 2147483647;
			files = (
				40AB8C4F1FB886D800BC6D82 /* EditorWindowController+CollaborationSourceCodeViewDelegate.swift in Sources */,
				4048199F1FB8DD9400AAFBF0 /* NewProjectViewController.swift in Sources */,
				40BD4C3D1FC1C9CF0048ABF6 /* FileTypeHandler.swift in Sources */,
				40A7D0DE1FB78A3F002FBB8B /* AppDelegate.swift in Sources */,
				404819A11FB8F37300AAFBF0 /* FileSystemItemCell.swift in Sources */,
				40EF5D541FC05EC0003E0E40 /* EditorWindowController+Sheets.swift in Sources */,
				40C88C211FB8B659006F6BB9 /* OutlineViewController.swift in Sources */,
				40AA16F81FB88BE700373B07 /* SimpleHighlighter.swift in Sources */,
				40AB8C441FB87CE700BC6D82 /* EditorWindowController.swift in Sources */,
				40BD25E31FBCE2B100211743 /* EditorWindowController+UI.swift in Sources */,
				4048199D1FB8C64600AAFBF0 /* CollaborationProtocol.swift in Sources */,
				40AA16FC1FB88F5600373B07 /* ColorSchemeHandler.swift in Sources */,
				4026AC921FBE1CD000FFB18B /* CollaborationClientError.swift in Sources */,
				40AA16EE1FB8881100373B07 /* CollaborationClient.swift in Sources */,
				400A344A1FBA27E60070E237 /* DocumentData.swift in Sources */,
				40BD25E11FBCDC3400211743 /* NewProjectOpenMethod.swift in Sources */,
				40AB8C4D1FB8866200BC6D82 /* EditorViewController.swift in Sources */,
				40322FEF1FC2238600C75CEF /* EditorWindowController+FSMonitoring.swift in Sources */,
				407302C21FBF630D00D5AB8F /* EditorWindowControllerGitHelper.swift in Sources */,
				40322FED1FC2232F00C75CEF /* EditorWindowController+OutlineViewControllerDelegate.swift in Sources */,
				40AA16F01FB88A0000373B07 /* EditorWindowController+CollaborationClientDelegate.swift in Sources */,
				40BD25DC1FBCB7B900211743 /* WebSocket.swift in Sources */,
				40A7D0E21FB78A3F002FBB8B /* Document.swift in Sources */,
				40AB8C4B1FB884C900BC6D82 /* CollaborationCursor.swift in Sources */,
				40AB8C451FB8840F00BC6D82 /* CollaborationSourceCodeView.swift in Sources */,
				4074B3501FC1BB4A0038176A /* RegexLib.swift in Sources */,
				40AB8C481FB8841C00BC6D82 /* SourceCodeView.swift in Sources */,
				40AB8C491FB8841E00BC6D82 /* SourceCodeRulerView.swift in Sources */,
				4026ACC71FBF55D700FFB18B /* EditorWindowControllerHelpers.swift in Sources */,
				40AB8C471FB8841A00BC6D82 /* ImprovedTextView.swift in Sources */,
				40AA16FF1FB88FCC00373B07 /* ColorScheme.swift in Sources */,
				4026AC901FBCEC5000FFB18B /* SimpleSheet.swift in Sources */,
			);
			runOnlyForDeploymentPostprocessing = 0;
		};
		40A7D0EA1FB78A3F002FBB8B /* Sources */ = {
			isa = PBXSourcesBuildPhase;
			buildActionMask = 2147483647;
			files = (
				40A7D0F31FB78A3F002FBB8B /* TexDocsTests.swift in Sources */,
			);
			runOnlyForDeploymentPostprocessing = 0;
		};
		40A7D0F51FB78A3F002FBB8B /* Sources */ = {
			isa = PBXSourcesBuildPhase;
			buildActionMask = 2147483647;
			files = (
				40A7D0FE1FB78A3F002FBB8B /* TexDocsUITests.swift in Sources */,
			);
			runOnlyForDeploymentPostprocessing = 0;
		};
/* End PBXSourcesBuildPhase section */

/* Begin PBXTargetDependency section */
		40A7D0F01FB78A3F002FBB8B /* PBXTargetDependency */ = {
			isa = PBXTargetDependency;
			target = 40A7D0D91FB78A3F002FBB8B /* TexDocs */;
			targetProxy = 40A7D0EF1FB78A3F002FBB8B /* PBXContainerItemProxy */;
		};
		40A7D0FB1FB78A3F002FBB8B /* PBXTargetDependency */ = {
			isa = PBXTargetDependency;
			target = 40A7D0D91FB78A3F002FBB8B /* TexDocs */;
			targetProxy = 40A7D0FA1FB78A3F002FBB8B /* PBXContainerItemProxy */;
		};
/* End PBXTargetDependency section */

/* Begin PBXVariantGroup section */
		40A7D0E51FB78A3F002FBB8B /* Main.storyboard */ = {
			isa = PBXVariantGroup;
			children = (
				40A7D0E61FB78A3F002FBB8B /* Base */,
			);
			name = Main.storyboard;
			sourceTree = "<group>";
		};
/* End PBXVariantGroup section */

/* Begin XCBuildConfiguration section */
		40A7D1001FB78A3F002FBB8B /* Debug */ = {
			isa = XCBuildConfiguration;
			buildSettings = {
				ALWAYS_SEARCH_USER_PATHS = NO;
				CLANG_ANALYZER_NONNULL = YES;
				CLANG_ANALYZER_NUMBER_OBJECT_CONVERSION = YES_AGGRESSIVE;
				CLANG_CXX_LANGUAGE_STANDARD = "gnu++14";
				CLANG_CXX_LIBRARY = "libc++";
				CLANG_ENABLE_MODULES = YES;
				CLANG_ENABLE_OBJC_ARC = YES;
				CLANG_WARN_BLOCK_CAPTURE_AUTORELEASING = YES;
				CLANG_WARN_BOOL_CONVERSION = YES;
				CLANG_WARN_COMMA = YES;
				CLANG_WARN_CONSTANT_CONVERSION = YES;
				CLANG_WARN_DIRECT_OBJC_ISA_USAGE = YES_ERROR;
				CLANG_WARN_DOCUMENTATION_COMMENTS = YES;
				CLANG_WARN_EMPTY_BODY = YES;
				CLANG_WARN_ENUM_CONVERSION = YES;
				CLANG_WARN_INFINITE_RECURSION = YES;
				CLANG_WARN_INT_CONVERSION = YES;
				CLANG_WARN_NON_LITERAL_NULL_CONVERSION = YES;
				CLANG_WARN_OBJC_LITERAL_CONVERSION = YES;
				CLANG_WARN_OBJC_ROOT_CLASS = YES_ERROR;
				CLANG_WARN_RANGE_LOOP_ANALYSIS = YES;
				CLANG_WARN_STRICT_PROTOTYPES = YES;
				CLANG_WARN_SUSPICIOUS_MOVE = YES;
				CLANG_WARN_UNGUARDED_AVAILABILITY = YES_AGGRESSIVE;
				CLANG_WARN_UNREACHABLE_CODE = YES;
				CLANG_WARN__DUPLICATE_METHOD_MATCH = YES;
				CODE_SIGN_IDENTITY = "-";
				COPY_PHASE_STRIP = NO;
				DEBUG_INFORMATION_FORMAT = dwarf;
				ENABLE_STRICT_OBJC_MSGSEND = YES;
				ENABLE_TESTABILITY = YES;
				GCC_C_LANGUAGE_STANDARD = gnu11;
				GCC_DYNAMIC_NO_PIC = NO;
				GCC_NO_COMMON_BLOCKS = YES;
				GCC_OPTIMIZATION_LEVEL = 0;
				GCC_PREPROCESSOR_DEFINITIONS = (
					"DEBUG=1",
					"$(inherited)",
				);
				GCC_WARN_64_TO_32_BIT_CONVERSION = YES;
				GCC_WARN_ABOUT_RETURN_TYPE = YES_ERROR;
				GCC_WARN_UNDECLARED_SELECTOR = YES;
				GCC_WARN_UNINITIALIZED_AUTOS = YES_AGGRESSIVE;
				GCC_WARN_UNUSED_FUNCTION = YES;
				GCC_WARN_UNUSED_VARIABLE = YES;
				MACOSX_DEPLOYMENT_TARGET = 10.13;
				MTL_ENABLE_DEBUG_INFO = YES;
				ONLY_ACTIVE_ARCH = YES;
				SDKROOT = macosx;
				SWIFT_ACTIVE_COMPILATION_CONDITIONS = DEBUG;
				SWIFT_OPTIMIZATION_LEVEL = "-Onone";
			};
			name = Debug;
		};
		40A7D1011FB78A3F002FBB8B /* Release */ = {
			isa = XCBuildConfiguration;
			buildSettings = {
				ALWAYS_SEARCH_USER_PATHS = NO;
				CLANG_ANALYZER_NONNULL = YES;
				CLANG_ANALYZER_NUMBER_OBJECT_CONVERSION = YES_AGGRESSIVE;
				CLANG_CXX_LANGUAGE_STANDARD = "gnu++14";
				CLANG_CXX_LIBRARY = "libc++";
				CLANG_ENABLE_MODULES = YES;
				CLANG_ENABLE_OBJC_ARC = YES;
				CLANG_WARN_BLOCK_CAPTURE_AUTORELEASING = YES;
				CLANG_WARN_BOOL_CONVERSION = YES;
				CLANG_WARN_COMMA = YES;
				CLANG_WARN_CONSTANT_CONVERSION = YES;
				CLANG_WARN_DIRECT_OBJC_ISA_USAGE = YES_ERROR;
				CLANG_WARN_DOCUMENTATION_COMMENTS = YES;
				CLANG_WARN_EMPTY_BODY = YES;
				CLANG_WARN_ENUM_CONVERSION = YES;
				CLANG_WARN_INFINITE_RECURSION = YES;
				CLANG_WARN_INT_CONVERSION = YES;
				CLANG_WARN_NON_LITERAL_NULL_CONVERSION = YES;
				CLANG_WARN_OBJC_LITERAL_CONVERSION = YES;
				CLANG_WARN_OBJC_ROOT_CLASS = YES_ERROR;
				CLANG_WARN_RANGE_LOOP_ANALYSIS = YES;
				CLANG_WARN_STRICT_PROTOTYPES = YES;
				CLANG_WARN_SUSPICIOUS_MOVE = YES;
				CLANG_WARN_UNGUARDED_AVAILABILITY = YES_AGGRESSIVE;
				CLANG_WARN_UNREACHABLE_CODE = YES;
				CLANG_WARN__DUPLICATE_METHOD_MATCH = YES;
				CODE_SIGN_IDENTITY = "-";
				COPY_PHASE_STRIP = NO;
				DEBUG_INFORMATION_FORMAT = "dwarf-with-dsym";
				ENABLE_NS_ASSERTIONS = NO;
				ENABLE_STRICT_OBJC_MSGSEND = YES;
				GCC_C_LANGUAGE_STANDARD = gnu11;
				GCC_NO_COMMON_BLOCKS = YES;
				GCC_WARN_64_TO_32_BIT_CONVERSION = YES;
				GCC_WARN_ABOUT_RETURN_TYPE = YES_ERROR;
				GCC_WARN_UNDECLARED_SELECTOR = YES;
				GCC_WARN_UNINITIALIZED_AUTOS = YES_AGGRESSIVE;
				GCC_WARN_UNUSED_FUNCTION = YES;
				GCC_WARN_UNUSED_VARIABLE = YES;
				MACOSX_DEPLOYMENT_TARGET = 10.13;
				MTL_ENABLE_DEBUG_INFO = NO;
				SDKROOT = macosx;
				SWIFT_OPTIMIZATION_LEVEL = "-Owholemodule";
			};
			name = Release;
		};
		40A7D1031FB78A3F002FBB8B /* Debug */ = {
			isa = XCBuildConfiguration;
			buildSettings = {
				ASSETCATALOG_COMPILER_APPICON_NAME = AppIcon;
				CODE_SIGN_IDENTITY = "Mac Developer";
				CODE_SIGN_STYLE = Automatic;
				COMBINE_HIDPI_IMAGES = YES;
				DEVELOPMENT_TEAM = 52A793VRAY;
				FRAMEWORK_SEARCH_PATHS = (
					"$(inherited)",
					"$(PROJECT_DIR)/Carthage/Build/Mac",
				);
				HEADER_SEARCH_PATHS = "$(SRCROOT)/Carthage/Build/Mac/ObjectiveGit.framework/Headers/";
				INFOPLIST_FILE = "TexDocs/Supporting Files/Info.plist";
				LD_RUNPATH_SEARCH_PATHS = "$(inherited) @executable_path/../Frameworks";
				PRODUCT_BUNDLE_IDENTIFIER = to.us.peeters.TexDocs;
				PRODUCT_NAME = "$(TARGET_NAME)";
				PROVISIONING_PROFILE_SPECIFIER = "";
				SWIFT_OBJC_BRIDGING_HEADER = "TexDocs/Supporting Files/Bridging-Header.h";
				SWIFT_VERSION = 4.0;
			};
			name = Debug;
		};
		40A7D1041FB78A3F002FBB8B /* Release */ = {
			isa = XCBuildConfiguration;
			buildSettings = {
				ASSETCATALOG_COMPILER_APPICON_NAME = AppIcon;
				CODE_SIGN_IDENTITY = "Mac Developer";
				CODE_SIGN_STYLE = Automatic;
				COMBINE_HIDPI_IMAGES = YES;
				DEVELOPMENT_TEAM = 52A793VRAY;
				FRAMEWORK_SEARCH_PATHS = (
					"$(inherited)",
					"$(PROJECT_DIR)/Carthage/Build/Mac",
				);
				HEADER_SEARCH_PATHS = "$(SRCROOT)/Carthage/Build/Mac/ObjectiveGit.framework/Headers/";
				INFOPLIST_FILE = "TexDocs/Supporting Files/Info.plist";
				LD_RUNPATH_SEARCH_PATHS = "$(inherited) @executable_path/../Frameworks";
				PRODUCT_BUNDLE_IDENTIFIER = to.us.peeters.TexDocs;
				PRODUCT_NAME = "$(TARGET_NAME)";
				PROVISIONING_PROFILE_SPECIFIER = "";
				SWIFT_OBJC_BRIDGING_HEADER = "TexDocs/Supporting Files/Bridging-Header.h";
				SWIFT_VERSION = 4.0;
			};
			name = Release;
		};
		40A7D1061FB78A3F002FBB8B /* Debug */ = {
			isa = XCBuildConfiguration;
			buildSettings = {
				ALWAYS_EMBED_SWIFT_STANDARD_LIBRARIES = YES;
				BUNDLE_LOADER = "$(TEST_HOST)";
				CODE_SIGN_STYLE = Automatic;
				COMBINE_HIDPI_IMAGES = YES;
				INFOPLIST_FILE = TexDocsTests/Info.plist;
				LD_RUNPATH_SEARCH_PATHS = "$(inherited) @executable_path/../Frameworks @loader_path/../Frameworks";
				PRODUCT_BUNDLE_IDENTIFIER = de.blechschmidt.TexDocsTests;
				PRODUCT_NAME = "$(TARGET_NAME)";
				SWIFT_VERSION = 4.0;
				TEST_HOST = "$(BUILT_PRODUCTS_DIR)/TexDocs.app/Contents/MacOS/TexDocs";
			};
			name = Debug;
		};
		40A7D1071FB78A3F002FBB8B /* Release */ = {
			isa = XCBuildConfiguration;
			buildSettings = {
				ALWAYS_EMBED_SWIFT_STANDARD_LIBRARIES = YES;
				BUNDLE_LOADER = "$(TEST_HOST)";
				CODE_SIGN_STYLE = Automatic;
				COMBINE_HIDPI_IMAGES = YES;
				INFOPLIST_FILE = TexDocsTests/Info.plist;
				LD_RUNPATH_SEARCH_PATHS = "$(inherited) @executable_path/../Frameworks @loader_path/../Frameworks";
				PRODUCT_BUNDLE_IDENTIFIER = de.blechschmidt.TexDocsTests;
				PRODUCT_NAME = "$(TARGET_NAME)";
				SWIFT_VERSION = 4.0;
				TEST_HOST = "$(BUILT_PRODUCTS_DIR)/TexDocs.app/Contents/MacOS/TexDocs";
			};
			name = Release;
		};
		40A7D1091FB78A3F002FBB8B /* Debug */ = {
			isa = XCBuildConfiguration;
			buildSettings = {
				ALWAYS_EMBED_SWIFT_STANDARD_LIBRARIES = YES;
				CODE_SIGN_STYLE = Automatic;
				COMBINE_HIDPI_IMAGES = YES;
				INFOPLIST_FILE = TexDocsUITests/Info.plist;
				LD_RUNPATH_SEARCH_PATHS = "$(inherited) @executable_path/../Frameworks @loader_path/../Frameworks";
				PRODUCT_BUNDLE_IDENTIFIER = de.blechschmidt.TexDocsUITests;
				PRODUCT_NAME = "$(TARGET_NAME)";
				SWIFT_VERSION = 4.0;
				TEST_TARGET_NAME = TexDocs;
			};
			name = Debug;
		};
		40A7D10A1FB78A3F002FBB8B /* Release */ = {
			isa = XCBuildConfiguration;
			buildSettings = {
				ALWAYS_EMBED_SWIFT_STANDARD_LIBRARIES = YES;
				CODE_SIGN_STYLE = Automatic;
				COMBINE_HIDPI_IMAGES = YES;
				INFOPLIST_FILE = TexDocsUITests/Info.plist;
				LD_RUNPATH_SEARCH_PATHS = "$(inherited) @executable_path/../Frameworks @loader_path/../Frameworks";
				PRODUCT_BUNDLE_IDENTIFIER = de.blechschmidt.TexDocsUITests;
				PRODUCT_NAME = "$(TARGET_NAME)";
				SWIFT_VERSION = 4.0;
				TEST_TARGET_NAME = TexDocs;
			};
			name = Release;
		};
/* End XCBuildConfiguration section */

/* Begin XCConfigurationList section */
		40A7D0D51FB78A3F002FBB8B /* Build configuration list for PBXProject "TexDocs" */ = {
			isa = XCConfigurationList;
			buildConfigurations = (
				40A7D1001FB78A3F002FBB8B /* Debug */,
				40A7D1011FB78A3F002FBB8B /* Release */,
			);
			defaultConfigurationIsVisible = 0;
			defaultConfigurationName = Release;
		};
		40A7D1021FB78A3F002FBB8B /* Build configuration list for PBXNativeTarget "TexDocs" */ = {
			isa = XCConfigurationList;
			buildConfigurations = (
				40A7D1031FB78A3F002FBB8B /* Debug */,
				40A7D1041FB78A3F002FBB8B /* Release */,
			);
			defaultConfigurationIsVisible = 0;
			defaultConfigurationName = Release;
		};
		40A7D1051FB78A3F002FBB8B /* Build configuration list for PBXNativeTarget "TexDocsTests" */ = {
			isa = XCConfigurationList;
			buildConfigurations = (
				40A7D1061FB78A3F002FBB8B /* Debug */,
				40A7D1071FB78A3F002FBB8B /* Release */,
			);
			defaultConfigurationIsVisible = 0;
			defaultConfigurationName = Release;
		};
		40A7D1081FB78A3F002FBB8B /* Build configuration list for PBXNativeTarget "TexDocsUITests" */ = {
			isa = XCConfigurationList;
			buildConfigurations = (
				40A7D1091FB78A3F002FBB8B /* Debug */,
				40A7D10A1FB78A3F002FBB8B /* Release */,
			);
			defaultConfigurationIsVisible = 0;
			defaultConfigurationName = Release;
		};
/* End XCConfigurationList section */
	};
	rootObject = 40A7D0D21FB78A3F002FBB8B /* Project object */;
}
